// !$*UTF8*$!
{
	archiveVersion = 1;
	classes = {
	};
	objectVersion = 46;
	objects = {

/* Begin PBXBuildFile section */
		37C681751512146B004B1361 /* PGExternalScreen.m in Sources */ = {isa = PBXBuildFile; fileRef = 37C681741512146B004B1361 /* PGExternalScreen.m */; };
		A1A61CCF1511398A0030D158 /* Foundation.framework in Frameworks */ = {isa = PBXBuildFile; fileRef = A1A61CCE1511398A0030D158 /* Foundation.framework */; };
		A1A61CD11511398A0030D158 /* UIKit.framework in Frameworks */ = {isa = PBXBuildFile; fileRef = A1A61CD01511398A0030D158 /* UIKit.framework */; };
		A1A61CD31511398A0030D158 /* CoreGraphics.framework in Frameworks */ = {isa = PBXBuildFile; fileRef = A1A61CD21511398A0030D158 /* CoreGraphics.framework */; };
		A1A61CD51511398A0030D158 /* AddressBook.framework in Frameworks */ = {isa = PBXBuildFile; fileRef = A1A61CD41511398A0030D158 /* AddressBook.framework */; };
		A1A61CD71511398A0030D158 /* AddressBookUI.framework in Frameworks */ = {isa = PBXBuildFile; fileRef = A1A61CD61511398A0030D158 /* AddressBookUI.framework */; };
		A1A61CD91511398A0030D158 /* AudioToolbox.framework in Frameworks */ = {isa = PBXBuildFile; fileRef = A1A61CD81511398A0030D158 /* AudioToolbox.framework */; };
		A1A61CDB1511398A0030D158 /* AVFoundation.framework in Frameworks */ = {isa = PBXBuildFile; fileRef = A1A61CDA1511398A0030D158 /* AVFoundation.framework */; };
		A1A61CDD1511398A0030D158 /* CoreLocation.framework in Frameworks */ = {isa = PBXBuildFile; fileRef = A1A61CDC1511398A0030D158 /* CoreLocation.framework */; };
		A1A61CDF1511398A0030D158 /* MediaPlayer.framework in Frameworks */ = {isa = PBXBuildFile; fileRef = A1A61CDE1511398A0030D158 /* MediaPlayer.framework */; };
		A1A61CE11511398A0030D158 /* QuartzCore.framework in Frameworks */ = {isa = PBXBuildFile; fileRef = A1A61CE01511398A0030D158 /* QuartzCore.framework */; };
		A1A61CE31511398A0030D158 /* SystemConfiguration.framework in Frameworks */ = {isa = PBXBuildFile; fileRef = A1A61CE21511398A0030D158 /* SystemConfiguration.framework */; };
		A1A61CE51511398A0030D158 /* MobileCoreServices.framework in Frameworks */ = {isa = PBXBuildFile; fileRef = A1A61CE41511398A0030D158 /* MobileCoreServices.framework */; };
		A1A61CE71511398A0030D158 /* CoreMedia.framework in Frameworks */ = {isa = PBXBuildFile; fileRef = A1A61CE61511398A0030D158 /* CoreMedia.framework */; };
		A1A61CED1511398A0030D158 /* InfoPlist.strings in Resources */ = {isa = PBXBuildFile; fileRef = A1A61CEB1511398A0030D158 /* InfoPlist.strings */; };
		A1A61CEF1511398A0030D158 /* main.m in Sources */ = {isa = PBXBuildFile; fileRef = A1A61CEE1511398A0030D158 /* main.m */; };
		A1A61CF21511398A0030D158 /* PhoneGap.framework in Frameworks */ = {isa = PBXBuildFile; fileRef = A1A61CF11511398A0030D158 /* PhoneGap.framework */; };
		A1A61CF71511398A0030D158 /* Localizable.strings in Resources */ = {isa = PBXBuildFile; fileRef = A1A61CF51511398A0030D158 /* Localizable.strings */; };
		A1A61CFB1511398A0030D158 /* Localizable.strings in Resources */ = {isa = PBXBuildFile; fileRef = A1A61CF91511398A0030D158 /* Localizable.strings */; };
		A1A61CFE1511398A0030D158 /* icon.png in Resources */ = {isa = PBXBuildFile; fileRef = A1A61CFD1511398A0030D158 /* icon.png */; };
		A1A61D001511398A0030D158 /* icon@2x.png in Resources */ = {isa = PBXBuildFile; fileRef = A1A61CFF1511398A0030D158 /* icon@2x.png */; };
		A1A61D021511398A0030D158 /* icon-72.png in Resources */ = {isa = PBXBuildFile; fileRef = A1A61D011511398A0030D158 /* icon-72.png */; };
		A1A61D051511398A0030D158 /* Default.png in Resources */ = {isa = PBXBuildFile; fileRef = A1A61D041511398A0030D158 /* Default.png */; };
		A1A61D071511398A0030D158 /* Default@2x.png in Resources */ = {isa = PBXBuildFile; fileRef = A1A61D061511398A0030D158 /* Default@2x.png */; };
		A1A61D091511398A0030D158 /* Capture.bundle in Resources */ = {isa = PBXBuildFile; fileRef = A1A61D081511398A0030D158 /* Capture.bundle */; };
		A1A61D0B1511398A0030D158 /* PhoneGap.plist in Resources */ = {isa = PBXBuildFile; fileRef = A1A61D0A1511398A0030D158 /* PhoneGap.plist */; };
		A1A61D0F1511398A0030D158 /* AppDelegate.m in Sources */ = {isa = PBXBuildFile; fileRef = A1A61D0E1511398A0030D158 /* AppDelegate.m */; };
		A1A61D121511398A0030D158 /* MainViewController.m in Sources */ = {isa = PBXBuildFile; fileRef = A1A61D111511398A0030D158 /* MainViewController.m */; };
		A1A61D141511398A0030D158 /* MainViewController.xib in Resources */ = {isa = PBXBuildFile; fileRef = A1A61D131511398A0030D158 /* MainViewController.xib */; };
		A1A61D1D151139B70030D158 /* www in Resources */ = {isa = PBXBuildFile; fileRef = A1A61D1C151139B70030D158 /* www */; };
/* End PBXBuildFile section */

/* Begin PBXFileReference section */
		37C681731512146B004B1361 /* PGExternalScreen.h */ = {isa = PBXFileReference; fileEncoding = 4; lastKnownFileType = sourcecode.c.h; path = PGExternalScreen.h; sourceTree = "<group>"; };
		37C681741512146B004B1361 /* PGExternalScreen.m */ = {isa = PBXFileReference; fileEncoding = 4; lastKnownFileType = sourcecode.c.objc; path = PGExternalScreen.m; sourceTree = "<group>"; };
		A1A61CCA1511398A0030D158 /* grabagoat.app */ = {isa = PBXFileReference; explicitFileType = wrapper.application; includeInIndex = 0; path = grabagoat.app; sourceTree = BUILT_PRODUCTS_DIR; };
		A1A61CCE1511398A0030D158 /* Foundation.framework */ = {isa = PBXFileReference; lastKnownFileType = wrapper.framework; name = Foundation.framework; path = System/Library/Frameworks/Foundation.framework; sourceTree = SDKROOT; };
		A1A61CD01511398A0030D158 /* UIKit.framework */ = {isa = PBXFileReference; lastKnownFileType = wrapper.framework; name = UIKit.framework; path = System/Library/Frameworks/UIKit.framework; sourceTree = SDKROOT; };
		A1A61CD21511398A0030D158 /* CoreGraphics.framework */ = {isa = PBXFileReference; lastKnownFileType = wrapper.framework; name = CoreGraphics.framework; path = System/Library/Frameworks/CoreGraphics.framework; sourceTree = SDKROOT; };
		A1A61CD41511398A0030D158 /* AddressBook.framework */ = {isa = PBXFileReference; lastKnownFileType = wrapper.framework; name = AddressBook.framework; path = System/Library/Frameworks/AddressBook.framework; sourceTree = SDKROOT; };
		A1A61CD61511398A0030D158 /* AddressBookUI.framework */ = {isa = PBXFileReference; lastKnownFileType = wrapper.framework; name = AddressBookUI.framework; path = System/Library/Frameworks/AddressBookUI.framework; sourceTree = SDKROOT; };
		A1A61CD81511398A0030D158 /* AudioToolbox.framework */ = {isa = PBXFileReference; lastKnownFileType = wrapper.framework; name = AudioToolbox.framework; path = System/Library/Frameworks/AudioToolbox.framework; sourceTree = SDKROOT; };
		A1A61CDA1511398A0030D158 /* AVFoundation.framework */ = {isa = PBXFileReference; lastKnownFileType = wrapper.framework; name = AVFoundation.framework; path = System/Library/Frameworks/AVFoundation.framework; sourceTree = SDKROOT; };
		A1A61CDC1511398A0030D158 /* CoreLocation.framework */ = {isa = PBXFileReference; lastKnownFileType = wrapper.framework; name = CoreLocation.framework; path = System/Library/Frameworks/CoreLocation.framework; sourceTree = SDKROOT; };
		A1A61CDE1511398A0030D158 /* MediaPlayer.framework */ = {isa = PBXFileReference; lastKnownFileType = wrapper.framework; name = MediaPlayer.framework; path = System/Library/Frameworks/MediaPlayer.framework; sourceTree = SDKROOT; };
		A1A61CE01511398A0030D158 /* QuartzCore.framework */ = {isa = PBXFileReference; lastKnownFileType = wrapper.framework; name = QuartzCore.framework; path = System/Library/Frameworks/QuartzCore.framework; sourceTree = SDKROOT; };
		A1A61CE21511398A0030D158 /* SystemConfiguration.framework */ = {isa = PBXFileReference; lastKnownFileType = wrapper.framework; name = SystemConfiguration.framework; path = System/Library/Frameworks/SystemConfiguration.framework; sourceTree = SDKROOT; };
		A1A61CE41511398A0030D158 /* MobileCoreServices.framework */ = {isa = PBXFileReference; lastKnownFileType = wrapper.framework; name = MobileCoreServices.framework; path = System/Library/Frameworks/MobileCoreServices.framework; sourceTree = SDKROOT; };
		A1A61CE61511398A0030D158 /* CoreMedia.framework */ = {isa = PBXFileReference; lastKnownFileType = wrapper.framework; name = CoreMedia.framework; path = System/Library/Frameworks/CoreMedia.framework; sourceTree = SDKROOT; };
		A1A61CEA1511398A0030D158 /* grabagoat-Info.plist */ = {isa = PBXFileReference; lastKnownFileType = text.plist.xml; path = "grabagoat-Info.plist"; sourceTree = "<group>"; };
		A1A61CEC1511398A0030D158 /* en */ = {isa = PBXFileReference; lastKnownFileType = text.plist.strings; name = en; path = en.lproj/InfoPlist.strings; sourceTree = "<group>"; };
		A1A61CEE1511398A0030D158 /* main.m */ = {isa = PBXFileReference; lastKnownFileType = sourcecode.c.objc; path = main.m; sourceTree = "<group>"; };
		A1A61CF01511398A0030D158 /* grabagoat-Prefix.pch */ = {isa = PBXFileReference; lastKnownFileType = sourcecode.c.h; path = "grabagoat-Prefix.pch"; sourceTree = "<group>"; };
		A1A61CF11511398A0030D158 /* PhoneGap.framework */ = {isa = PBXFileReference; lastKnownFileType = wrapper.framework; name = PhoneGap.framework; path = /Users/Shared/PhoneGap/Frameworks/PhoneGap.framework; sourceTree = "<absolute>"; };
		A1A61CF61511398A0030D158 /* en */ = {isa = PBXFileReference; lastKnownFileType = text.plist.strings; name = en; path = Resources/en.lproj/Localizable.strings; sourceTree = "<group>"; };
		A1A61CFA1511398A0030D158 /* es */ = {isa = PBXFileReference; lastKnownFileType = text.plist.strings; name = es; path = Resources/es.lproj/Localizable.strings; sourceTree = "<group>"; };
		A1A61CFD1511398A0030D158 /* icon.png */ = {isa = PBXFileReference; lastKnownFileType = image.png; name = icon.png; path = Resources/icons/icon.png; sourceTree = "<group>"; };
		A1A61CFF1511398A0030D158 /* icon@2x.png */ = {isa = PBXFileReference; lastKnownFileType = image.png; name = "icon@2x.png"; path = "Resources/icons/icon@2x.png"; sourceTree = "<group>"; };
		A1A61D011511398A0030D158 /* icon-72.png */ = {isa = PBXFileReference; lastKnownFileType = image.png; name = "icon-72.png"; path = "Resources/icons/icon-72.png"; sourceTree = "<group>"; };
		A1A61D041511398A0030D158 /* Default.png */ = {isa = PBXFileReference; lastKnownFileType = image.png; name = Default.png; path = Resources/splash/Default.png; sourceTree = "<group>"; };
		A1A61D061511398A0030D158 /* Default@2x.png */ = {isa = PBXFileReference; lastKnownFileType = image.png; name = "Default@2x.png"; path = "Resources/splash/Default@2x.png"; sourceTree = "<group>"; };
		A1A61D081511398A0030D158 /* Capture.bundle */ = {isa = PBXFileReference; lastKnownFileType = "wrapper.plug-in"; name = Capture.bundle; path = Resources/Capture.bundle; sourceTree = "<group>"; };
		A1A61D0A1511398A0030D158 /* PhoneGap.plist */ = {isa = PBXFileReference; lastKnownFileType = text.plist.xml; path = PhoneGap.plist; sourceTree = "<group>"; };
		A1A61D0D1511398A0030D158 /* AppDelegate.h */ = {isa = PBXFileReference; lastKnownFileType = sourcecode.c.h; name = AppDelegate.h; path = Classes/AppDelegate.h; sourceTree = "<group>"; };
		A1A61D0E1511398A0030D158 /* AppDelegate.m */ = {isa = PBXFileReference; lastKnownFileType = sourcecode.c.objc; name = AppDelegate.m; path = Classes/AppDelegate.m; sourceTree = "<group>"; };
		A1A61D101511398A0030D158 /* MainViewController.h */ = {isa = PBXFileReference; lastKnownFileType = sourcecode.c.h; name = MainViewController.h; path = Classes/MainViewController.h; sourceTree = "<group>"; };
		A1A61D111511398A0030D158 /* MainViewController.m */ = {isa = PBXFileReference; lastKnownFileType = sourcecode.c.objc; name = MainViewController.m; path = Classes/MainViewController.m; sourceTree = "<group>"; };
		A1A61D131511398A0030D158 /* MainViewController.xib */ = {isa = PBXFileReference; lastKnownFileType = file.xib; name = MainViewController.xib; path = Classes/MainViewController.xib; sourceTree = "<group>"; };
		A1A61D161511398A0030D158 /* README */ = {isa = PBXFileReference; lastKnownFileType = text; name = README; path = Plugins/README; sourceTree = "<group>"; };
		A1A61D1C151139B70030D158 /* www */ = {isa = PBXFileReference; lastKnownFileType = folder; path = www; sourceTree = "<group>"; };
/* End PBXFileReference section */

/* Begin PBXFrameworksBuildPhase section */
		A1A61CC41511398A0030D158 /* Frameworks */ = {
			isa = PBXFrameworksBuildPhase;
			buildActionMask = 2147483647;
			files = (
				A1A61CCF1511398A0030D158 /* Foundation.framework in Frameworks */,
				A1A61CD11511398A0030D158 /* UIKit.framework in Frameworks */,
				A1A61CD31511398A0030D158 /* CoreGraphics.framework in Frameworks */,
				A1A61CD51511398A0030D158 /* AddressBook.framework in Frameworks */,
				A1A61CD71511398A0030D158 /* AddressBookUI.framework in Frameworks */,
				A1A61CD91511398A0030D158 /* AudioToolbox.framework in Frameworks */,
				A1A61CDB1511398A0030D158 /* AVFoundation.framework in Frameworks */,
				A1A61CDD1511398A0030D158 /* CoreLocation.framework in Frameworks */,
				A1A61CDF1511398A0030D158 /* MediaPlayer.framework in Frameworks */,
				A1A61CE11511398A0030D158 /* QuartzCore.framework in Frameworks */,
				A1A61CE31511398A0030D158 /* SystemConfiguration.framework in Frameworks */,
				A1A61CE51511398A0030D158 /* MobileCoreServices.framework in Frameworks */,
				A1A61CE71511398A0030D158 /* CoreMedia.framework in Frameworks */,
				A1A61CF21511398A0030D158 /* PhoneGap.framework in Frameworks */,
			);
			runOnlyForDeploymentPostprocessing = 0;
		};
		A1A61CC71511398A0030D158 /* Frameworks */ = {
			isa = PBXFrameworksBuildPhase;
			buildActionMask = 2147483647;
			files = (
			);
			runOnlyForDeploymentPostprocessing = 0;
		};
/* End PBXFrameworksBuildPhase section */

/* Begin PBXGroup section */
		A1A61CBC151139890030D158 = {
			isa = PBXGroup;
			children = (
				A1A61D1C151139B70030D158 /* www */,
				A1A61CE81511398A0030D158 /* grabagoat */,
				A1A61CCD1511398A0030D158 /* Frameworks */,
				A1A61CCB1511398A0030D158 /* Products */,
			);
			sourceTree = "<group>";
		};
		A1A61CCB1511398A0030D158 /* Products */ = {
			isa = PBXGroup;
			children = (
				A1A61CCA1511398A0030D158 /* grabagoat.app */,
			);
			name = Products;
			sourceTree = "<group>";
		};
		A1A61CCD1511398A0030D158 /* Frameworks */ = {
			isa = PBXGroup;
			children = (
				A1A61CCE1511398A0030D158 /* Foundation.framework */,
				A1A61CD01511398A0030D158 /* UIKit.framework */,
				A1A61CD21511398A0030D158 /* CoreGraphics.framework */,
				A1A61CD41511398A0030D158 /* AddressBook.framework */,
				A1A61CD61511398A0030D158 /* AddressBookUI.framework */,
				A1A61CD81511398A0030D158 /* AudioToolbox.framework */,
				A1A61CDA1511398A0030D158 /* AVFoundation.framework */,
				A1A61CDC1511398A0030D158 /* CoreLocation.framework */,
				A1A61CDE1511398A0030D158 /* MediaPlayer.framework */,
				A1A61CE01511398A0030D158 /* QuartzCore.framework */,
				A1A61CE21511398A0030D158 /* SystemConfiguration.framework */,
				A1A61CE41511398A0030D158 /* MobileCoreServices.framework */,
				A1A61CE61511398A0030D158 /* CoreMedia.framework */,
			);
			name = Frameworks;
			sourceTree = "<group>";
		};
		A1A61CE81511398A0030D158 /* grabagoat */ = {
			isa = PBXGroup;
			children = (
				A1A61CF11511398A0030D158 /* PhoneGap.framework */,
				A1A61CF31511398A0030D158 /* Resources */,
				A1A61D0C1511398A0030D158 /* Classes */,
				A1A61D151511398A0030D158 /* Plugins */,
				A1A61CE91511398A0030D158 /* Supporting Files */,
			);
			path = grabagoat;
			sourceTree = "<group>";
		};
		A1A61CE91511398A0030D158 /* Supporting Files */ = {
			isa = PBXGroup;
			children = (
				A1A61CEA1511398A0030D158 /* grabagoat-Info.plist */,
				A1A61CEB1511398A0030D158 /* InfoPlist.strings */,
				A1A61CEE1511398A0030D158 /* main.m */,
				A1A61CF01511398A0030D158 /* grabagoat-Prefix.pch */,
				A1A61D0A1511398A0030D158 /* PhoneGap.plist */,
				A1A61D131511398A0030D158 /* MainViewController.xib */,
			);
			name = "Supporting Files";
			sourceTree = "<group>";
		};
		A1A61CF31511398A0030D158 /* Resources */ = {
			isa = PBXGroup;
			children = (
				A1A61D081511398A0030D158 /* Capture.bundle */,
				A1A61CF41511398A0030D158 /* en.lproj */,
				A1A61CF81511398A0030D158 /* es.lproj */,
				A1A61CFC1511398A0030D158 /* icons */,
				A1A61D031511398A0030D158 /* splash */,
			);
			name = Resources;
			sourceTree = "<group>";
		};
		A1A61CF41511398A0030D158 /* en.lproj */ = {
			isa = PBXGroup;
			children = (
				A1A61CF51511398A0030D158 /* Localizable.strings */,
			);
			name = en.lproj;
			sourceTree = "<group>";
		};
		A1A61CF81511398A0030D158 /* es.lproj */ = {
			isa = PBXGroup;
			children = (
				A1A61CF91511398A0030D158 /* Localizable.strings */,
			);
			name = es.lproj;
			sourceTree = "<group>";
		};
		A1A61CFC1511398A0030D158 /* icons */ = {
			isa = PBXGroup;
			children = (
				A1A61CFD1511398A0030D158 /* icon.png */,
				A1A61CFF1511398A0030D158 /* icon@2x.png */,
				A1A61D011511398A0030D158 /* icon-72.png */,
			);
			name = icons;
			sourceTree = "<group>";
		};
		A1A61D031511398A0030D158 /* splash */ = {
			isa = PBXGroup;
			children = (
				A1A61D041511398A0030D158 /* Default.png */,
				A1A61D061511398A0030D158 /* Default@2x.png */,
			);
			name = splash;
			sourceTree = "<group>";
		};
		A1A61D0C1511398A0030D158 /* Classes */ = {
			isa = PBXGroup;
			children = (
				A1A61D0D1511398A0030D158 /* AppDelegate.h */,
				A1A61D0E1511398A0030D158 /* AppDelegate.m */,
				A1A61D101511398A0030D158 /* MainViewController.h */,
				A1A61D111511398A0030D158 /* MainViewController.m */,
			);
			name = Classes;
			sourceTree = "<group>";
		};
		A1A61D151511398A0030D158 /* Plugins */ = {
			isa = PBXGroup;
			children = (
				37C681731512146B004B1361 /* PGExternalScreen.h */,
				37C681741512146B004B1361 /* PGExternalScreen.m */,
				A1A61D161511398A0030D158 /* README */,
			);
			name = Plugins;
			sourceTree = "<group>";
		};
/* End PBXGroup section */

/* Begin PBXNativeTarget section */
		A1A61CC91511398A0030D158 /* grabagoat */ = {
			isa = PBXNativeTarget;
			buildConfigurationList = A1A61D191511398A0030D158 /* Build configuration list for PBXNativeTarget "grabagoat" */;
			buildPhases = (
				A1A61CC31511398A0030D158 /* Sources */,
				A1A61CC41511398A0030D158 /* Frameworks */,
				A1A61CC51511398A0030D158 /* Resources */,
				A1A61CC61511398A0030D158 /* Sources */,
				A1A61CC71511398A0030D158 /* Frameworks */,
				A1A61CC81511398A0030D158 /* ShellScript */,
			);
			buildRules = (
			);
			dependencies = (
			);
			name = grabagoat;
			productName = grabagoat;
			productReference = A1A61CCA1511398A0030D158 /* grabagoat.app */;
			productType = "com.apple.product-type.application";
		};
/* End PBXNativeTarget section */

/* Begin PBXProject section */
		A1A61CBE151139890030D158 /* Project object */ = {
			isa = PBXProject;
			attributes = {
				LastUpgradeCheck = 0430;
			};
			buildConfigurationList = A1A61CC1151139890030D158 /* Build configuration list for PBXProject "grabagoat" */;
			compatibilityVersion = "Xcode 3.2";
			developmentRegion = English;
			hasScannedForEncodings = 0;
			knownRegions = (
				en,
				es,
			);
			mainGroup = A1A61CBC151139890030D158;
			productRefGroup = A1A61CCB1511398A0030D158 /* Products */;
			projectDirPath = "";
			projectRoot = "";
			targets = (
				A1A61CC91511398A0030D158 /* grabagoat */,
			);
		};
/* End PBXProject section */

/* Begin PBXResourcesBuildPhase section */
		A1A61CC51511398A0030D158 /* Resources */ = {
			isa = PBXResourcesBuildPhase;
			buildActionMask = 2147483647;
			files = (
				A1A61CED1511398A0030D158 /* InfoPlist.strings in Resources */,
				A1A61CF71511398A0030D158 /* Localizable.strings in Resources */,
				A1A61CFB1511398A0030D158 /* Localizable.strings in Resources */,
				A1A61CFE1511398A0030D158 /* icon.png in Resources */,
				A1A61D001511398A0030D158 /* icon@2x.png in Resources */,
				A1A61D021511398A0030D158 /* icon-72.png in Resources */,
				A1A61D051511398A0030D158 /* Default.png in Resources */,
				A1A61D071511398A0030D158 /* Default@2x.png in Resources */,
				A1A61D091511398A0030D158 /* Capture.bundle in Resources */,
				A1A61D0B1511398A0030D158 /* PhoneGap.plist in Resources */,
				A1A61D141511398A0030D158 /* MainViewController.xib in Resources */,
				A1A61D1D151139B70030D158 /* www in Resources */,
			);
			runOnlyForDeploymentPostprocessing = 0;
		};
/* End PBXResourcesBuildPhase section */

/* Begin PBXShellScriptBuildPhase section */
		A1A61CC81511398A0030D158 /* ShellScript */ = {
			isa = PBXShellScriptBuildPhase;
			buildActionMask = 2147483647;
			files = (
			);
			inputPaths = (
			);
			outputPaths = (
			);
			runOnlyForDeploymentPostprocessing = 0;
			shellPath = /bin/bash;
			shellScript = "\n\t\t\t\t\t\t\t\tif [ ! -d \"$PROJECT_DIR/www\" ] ; then\n\t\t\t\t\t\t\t\t\tcp -R /Users/Shared/PhoneGap/Frameworks/PhoneGap.framework/www \"$PROJECT_DIR\"\n\t\t\t\t\t\t\t\tfi\n\t\t\t\t\t\t\t\t# detect www folder reference in project, if missing, print warning\n\t\t\t\t\t\t\t\tgrep \"{isa = PBXFileReference; lastKnownFileType = folder; path = www; sourceTree = \\\"<group>\\\"; };\" \"$PROJECT_DIR/$PROJECT_NAME.xcodeproj/project.pbxproj\"\n\t\t\t\t\t\t\t\trc=$? \n\t\t\t\t\t\t\t\tif [ $rc != 0 ] ; then\n\t\t\t\t\t\t\t\techo -e \"warning: Missing - Add $PROJECT_DIR/www as a folder reference in your project. Just drag and drop the folder into your project, into the Project Navigator of Xcode 4. Make sure you select the second radio-button: 'Create folder references for any added folders' (which will create a blue folder)\" 1>&2\n\t\t\t\t\t\t\t\tfi\t\t\t\t\t\t\t";
		};
/* End PBXShellScriptBuildPhase section */

/* Begin PBXSourcesBuildPhase section */
		A1A61CC31511398A0030D158 /* Sources */ = {
			isa = PBXSourcesBuildPhase;
			buildActionMask = 2147483647;
			files = (
				A1A61CEF1511398A0030D158 /* main.m in Sources */,
				A1A61D0F1511398A0030D158 /* AppDelegate.m in Sources */,
				A1A61D121511398A0030D158 /* MainViewController.m in Sources */,
				37C681751512146B004B1361 /* PGExternalScreen.m in Sources */,
			);
			runOnlyForDeploymentPostprocessing = 0;
		};
		A1A61CC61511398A0030D158 /* Sources */ = {
			isa = PBXSourcesBuildPhase;
			buildActionMask = 2147483647;
			files = (
			);
			runOnlyForDeploymentPostprocessing = 0;
		};
/* End PBXSourcesBuildPhase section */

/* Begin PBXVariantGroup section */
		A1A61CEB1511398A0030D158 /* InfoPlist.strings */ = {
			isa = PBXVariantGroup;
			children = (
				A1A61CEC1511398A0030D158 /* en */,
			);
			name = InfoPlist.strings;
			sourceTree = "<group>";
		};
		A1A61CF51511398A0030D158 /* Localizable.strings */ = {
			isa = PBXVariantGroup;
			children = (
				A1A61CF61511398A0030D158 /* en */,
			);
			name = Localizable.strings;
			sourceTree = "<group>";
		};
		A1A61CF91511398A0030D158 /* Localizable.strings */ = {
			isa = PBXVariantGroup;
			children = (
				A1A61CFA1511398A0030D158 /* es */,
			);
			name = Localizable.strings;
			sourceTree = "<group>";
		};
/* End PBXVariantGroup section */

/* Begin XCBuildConfiguration section */
		A1A61D171511398A0030D158 /* Debug */ = {
			isa = XCBuildConfiguration;
			buildSettings = {
				ALWAYS_SEARCH_USER_PATHS = NO;
				ARCHS = "$(ARCHS_STANDARD_32_BIT)";
				"CODE_SIGN_IDENTITY[sdk=iphoneos*]" = "iPhone Developer";
				COPY_PHASE_STRIP = NO;
				GCC_C_LANGUAGE_STANDARD = gnu99;
				GCC_DYNAMIC_NO_PIC = NO;
				GCC_OPTIMIZATION_LEVEL = 0;
				GCC_PREPROCESSOR_DEFINITIONS = (
					"DEBUG=1",
					"$(inherited)",
				);
				GCC_SYMBOLS_PRIVATE_EXTERN = NO;
				GCC_VERSION = com.apple.compilers.llvmgcc42;
				GCC_WARN_ABOUT_RETURN_TYPE = YES;
				GCC_WARN_UNINITIALIZED_AUTOS = YES;
				GCC_WARN_UNUSED_VARIABLE = YES;
				IPHONEOS_DEPLOYMENT_TARGET = 3.0;
				SDKROOT = iphoneos;
			};
			name = Debug;
		};
		A1A61D181511398A0030D158 /* Release */ = {
			isa = XCBuildConfiguration;
			buildSettings = {
				ALWAYS_SEARCH_USER_PATHS = NO;
				ARCHS = "$(ARCHS_STANDARD_32_BIT)";
				"CODE_SIGN_IDENTITY[sdk=iphoneos*]" = "iPhone Developer";
				COPY_PHASE_STRIP = YES;
				GCC_C_LANGUAGE_STANDARD = gnu99;
				GCC_VERSION = com.apple.compilers.llvmgcc42;
				GCC_WARN_ABOUT_RETURN_TYPE = YES;
				GCC_WARN_UNINITIALIZED_AUTOS = YES;
				GCC_WARN_UNUSED_VARIABLE = YES;
				IPHONEOS_DEPLOYMENT_TARGET = 3.0;
				SDKROOT = iphoneos;
				VALIDATE_PRODUCT = YES;
			};
			name = Release;
		};
		A1A61D1A1511398A0030D158 /* Debug */ = {
			isa = XCBuildConfiguration;
			buildSettings = {
				ALWAYS_SEARCH_USER_PATHS = YES;
				COPY_PHASE_STRIP = NO;
				FRAMEWORK_SEARCH_PATHS = /Users/Shared/PhoneGap/Frameworks;
				GCC_DYNAMIC_NO_PIC = NO;
				GCC_PRECOMPILE_PREFIX_HEADER = YES;
				GCC_PREFIX_HEADER = "grabagoat/grabagoat-Prefix.pch";
				GCC_PREPROCESSOR_DEFINITIONS = "PHONEGAP_FRAMEWORK=YES";
				GCC_VERSION = com.apple.compilers.llvm.clang.1_0;
				INFOPLIST_FILE = "grabagoat/grabagoat-Info.plist";
				OTHER_LDFLAGS = (
					"-weak_framework",
					UIKit,
					"-weak_framework",
					AVFoundation,
					"-weak_framework",
					CoreMedia,
					"-weak_library",
					/usr/lib/libSystem.B.dylib,
				);
				PRODUCT_NAME = "$(TARGET_NAME)";
				TARGETED_DEVICE_FAMILY = "1,2";
				WRAPPER_EXTENSION = app;
			};
			name = Debug;
		};
		A1A61D1B1511398A0030D158 /* Release */ = {
			isa = XCBuildConfiguration;
			buildSettings = {
				ALWAYS_SEARCH_USER_PATHS = YES;
				COPY_PHASE_STRIP = YES;
				DEBUG_INFORMATION_FORMAT = "dwarf-with-dsym";
				FRAMEWORK_SEARCH_PATHS = /Users/Shared/PhoneGap/Frameworks;
				GCC_PRECOMPILE_PREFIX_HEADER = YES;
				GCC_PREFIX_HEADER = "grabagoat/grabagoat-Prefix.pch";
				GCC_PREPROCESSOR_DEFINITIONS = "PHONEGAP_FRAMEWORK=YES";
				GCC_VERSION = com.apple.compilers.llvm.clang.1_0;
				INFOPLIST_FILE = "grabagoat/grabagoat-Info.plist";
				OTHER_LDFLAGS = (
					"-weak_framework",
					UIKit,
					"-weak_framework",
					AVFoundation,
					"-weak_framework",
					CoreMedia,
					"-weak_library",
					/usr/lib/libSystem.B.dylib,
				);
				PRODUCT_NAME = "$(TARGET_NAME)";
				TARGETED_DEVICE_FAMILY = "1,2";
				VALIDATE_PRODUCT = YES;
				WRAPPER_EXTENSION = app;
			};
			name = Release;
		};
/* End XCBuildConfiguration section */

/* Begin XCConfigurationList section */
		A1A61CC1151139890030D158 /* Build configuration list for PBXProject "grabagoat" */ = {
			isa = XCConfigurationList;
			buildConfigurations = (
				A1A61D171511398A0030D158 /* Debug */,
				A1A61D181511398A0030D158 /* Release */,
			);
			defaultConfigurationIsVisible = 0;
			defaultConfigurationName = Release;
		};
		A1A61D191511398A0030D158 /* Build configuration list for PBXNativeTarget "grabagoat" */ = {
			isa = XCConfigurationList;
			buildConfigurations = (
				A1A61D1A1511398A0030D158 /* Debug */,
				A1A61D1B1511398A0030D158 /* Release */,
			);
			defaultConfigurationIsVisible = 0;
			defaultConfigurationName = Release;
		};
/* End XCConfigurationList section */
	};
	rootObject = A1A61CBE151139890030D158 /* Project object */;
}
